// !$*UTF8*$!
{
	archiveVersion = 1;
	classes = {
	};
	objectVersion = 46;
	objects = {

/* Begin PBXBuildFile section */
		077EF14F1A63DE7E00910317 /* main.m in Sources */ = {isa = PBXBuildFile; fileRef = 077EF14E1A63DE7E00910317 /* main.m */; };
		077EF1521A63DE7E00910317 /* AppDelegate.m in Sources */ = {isa = PBXBuildFile; fileRef = 077EF1511A63DE7E00910317 /* AppDelegate.m */; };
		077EF1551A63DE7E00910317 /* ViewController.m in Sources */ = {isa = PBXBuildFile; fileRef = 077EF1541A63DE7E00910317 /* ViewController.m */; };
		077EF1581A63DE7E00910317 /* Main.storyboard in Resources */ = {isa = PBXBuildFile; fileRef = 077EF1561A63DE7E00910317 /* Main.storyboard */; };
		077EF15A1A63DE7E00910317 /* Images.xcassets in Resources */ = {isa = PBXBuildFile; fileRef = 077EF1591A63DE7E00910317 /* Images.xcassets */; };
		077EF15D1A63DE7E00910317 /* LaunchScreen.xib in Resources */ = {isa = PBXBuildFile; fileRef = 077EF15B1A63DE7E00910317 /* LaunchScreen.xib */; };
		077EF1691A63DE7E00910317 /* HHImageBrowserTests.m in Sources */ = {isa = PBXBuildFile; fileRef = 077EF1681A63DE7E00910317 /* HHImageBrowserTests.m */; };
/* End PBXBuildFile section */

/* Begin PBXContainerItemProxy section */
		077EF1631A63DE7E00910317 /* PBXContainerItemProxy */ = {
			isa = PBXContainerItemProxy;
			containerPortal = 077EF1411A63DE7D00910317 /* Project object */;
			proxyType = 1;
			remoteGlobalIDString = 077EF1481A63DE7D00910317;
			remoteInfo = HHImageBrowser;
		};
/* End PBXContainerItemProxy section */

/* Begin PBXFileReference section */
		077EF1491A63DE7D00910317 /* HHImageBrowser.app */ = {isa = PBXFileReference; explicitFileType = wrapper.application; includeInIndex = 0; path = HHImageBrowser.app; sourceTree = BUILT_PRODUCTS_DIR; };
		077EF14D1A63DE7E00910317 /* Info.plist */ = {isa = PBXFileReference; lastKnownFileType = text.plist.xml; path = Info.plist; sourceTree = "<group>"; };
		077EF14E1A63DE7E00910317 /* main.m */ = {isa = PBXFileReference; lastKnownFileType = sourcecode.c.objc; path = main.m; sourceTree = "<group>"; };
		077EF1501A63DE7E00910317 /* AppDelegate.h */ = {isa = PBXFileReference; lastKnownFileType = sourcecode.c.h; path = AppDelegate.h; sourceTree = "<group>"; };
		077EF1511A63DE7E00910317 /* AppDelegate.m */ = {isa = PBXFileReference; lastKnownFileType = sourcecode.c.objc; path = AppDelegate.m; sourceTree = "<group>"; };
		077EF1531A63DE7E00910317 /* ViewController.h */ = {isa = PBXFileReference; lastKnownFileType = sourcecode.c.h; path = ViewController.h; sourceTree = "<group>"; };
		077EF1541A63DE7E00910317 /* ViewController.m */ = {isa = PBXFileReference; lastKnownFileType = sourcecode.c.objc; path = ViewController.m; sourceTree = "<group>"; };
		077EF1571A63DE7E00910317 /* Base */ = {isa = PBXFileReference; lastKnownFileType = file.storyboard; name = Base; path = Base.lproj/Main.storyboard; sourceTree = "<group>"; };
		077EF1591A63DE7E00910317 /* Images.xcassets */ = {isa = PBXFileReference; lastKnownFileType = folder.assetcatalog; path = Images.xcassets; sourceTree = "<group>"; };
		077EF15C1A63DE7E00910317 /* Base */ = {isa = PBXFileReference; lastKnownFileType = file.xib; name = Base; path = Base.lproj/LaunchScreen.xib; sourceTree = "<group>"; };
		077EF1621A63DE7E00910317 /* HHImageBrowserTests.xctest */ = {isa = PBXFileReference; explicitFileType = wrapper.cfbundle; includeInIndex = 0; path = HHImageBrowserTests.xctest; sourceTree = BUILT_PRODUCTS_DIR; };
		077EF1671A63DE7E00910317 /* Info.plist */ = {isa = PBXFileReference; lastKnownFileType = text.plist.xml; path = Info.plist; sourceTree = "<group>"; };
		077EF1681A63DE7E00910317 /* HHImageBrowserTests.m */ = {isa = PBXFileReference; lastKnownFileType = sourcecode.c.objc; path = HHImageBrowserTests.m; sourceTree = "<group>"; };
/* End PBXFileReference section */

/* Begin PBXFrameworksBuildPhase section */
		077EF1461A63DE7D00910317 /* Frameworks */ = {
			isa = PBXFrameworksBuildPhase;
			buildActionMask = 2147483647;
			files = (
			);
			runOnlyForDeploymentPostprocessing = 0;
		};
		077EF15F1A63DE7E00910317 /* Frameworks */ = {
			isa = PBXFrameworksBuildPhase;
			buildActionMask = 2147483647;
			files = (
			);
			runOnlyForDeploymentPostprocessing = 0;
		};
/* End PBXFrameworksBuildPhase section */

/* Begin PBXGroup section */
		077EF1401A63DE7D00910317 = {
			isa = PBXGroup;
			children = (
				077EF14B1A63DE7E00910317 /* HHImageBrowser */,
				077EF1651A63DE7E00910317 /* HHImageBrowserTests */,
				077EF14A1A63DE7D00910317 /* Products */,
			);
			sourceTree = "<group>";
		};
		077EF14A1A63DE7D00910317 /* Products */ = {
			isa = PBXGroup;
			children = (
				077EF1491A63DE7D00910317 /* HHImageBrowser.app */,
				077EF1621A63DE7E00910317 /* HHImageBrowserTests.xctest */,
			);
			name = Products;
			sourceTree = "<group>";
		};
		077EF14B1A63DE7E00910317 /* HHImageBrowser */ = {
			isa = PBXGroup;
			children = (
				077EF1501A63DE7E00910317 /* AppDelegate.h */,
				077EF1511A63DE7E00910317 /* AppDelegate.m */,
				077EF1531A63DE7E00910317 /* ViewController.h */,
				077EF1541A63DE7E00910317 /* ViewController.m */,
				077EF1561A63DE7E00910317 /* Main.storyboard */,
				077EF1591A63DE7E00910317 /* Images.xcassets */,
				077EF15B1A63DE7E00910317 /* LaunchScreen.xib */,
				077EF14C1A63DE7E00910317 /* Supporting Files */,
			);
			path = HHImageBrowser;
			sourceTree = "<group>";
		};
		077EF14C1A63DE7E00910317 /* Supporting Files */ = {
			isa = PBXGroup;
			children = (
				077EF14D1A63DE7E00910317 /* Info.plist */,
				077EF14E1A63DE7E00910317 /* main.m */,
			);
			name = "Supporting Files";
			sourceTree = "<group>";
		};
		077EF1651A63DE7E00910317 /* HHImageBrowserTests */ = {
			isa = PBXGroup;
			children = (
				077EF1681A63DE7E00910317 /* HHImageBrowserTests.m */,
				077EF1661A63DE7E00910317 /* Supporting Files */,
			);
			path = HHImageBrowserTests;
			sourceTree = "<group>";
		};
		077EF1661A63DE7E00910317 /* Supporting Files */ = {
			isa = PBXGroup;
			children = (
				077EF1671A63DE7E00910317 /* Info.plist */,
			);
			name = "Supporting Files";
			sourceTree = "<group>";
		};
/* End PBXGroup section */

/* Begin PBXNativeTarget section */
		077EF1481A63DE7D00910317 /* HHImageBrowser */ = {
			isa = PBXNativeTarget;
			buildConfigurationList = 077EF16C1A63DE7E00910317 /* Build configuration list for PBXNativeTarget "HHImageBrowser" */;
			buildPhases = (
				077EF1451A63DE7D00910317 /* Sources */,
				077EF1461A63DE7D00910317 /* Frameworks */,
				077EF1471A63DE7D00910317 /* Resources */,
			);
			buildRules = (
			);
			dependencies = (
			);
			name = HHImageBrowser;
			productName = HHImageBrowser;
			productReference = 077EF1491A63DE7D00910317 /* HHImageBrowser.app */;
			productType = "com.apple.product-type.application";
		};
		077EF1611A63DE7E00910317 /* HHImageBrowserTests */ = {
			isa = PBXNativeTarget;
			buildConfigurationList = 077EF16F1A63DE7E00910317 /* Build configuration list for PBXNativeTarget "HHImageBrowserTests" */;
			buildPhases = (
				077EF15E1A63DE7E00910317 /* Sources */,
				077EF15F1A63DE7E00910317 /* Frameworks */,
				077EF1601A63DE7E00910317 /* Resources */,
			);
			buildRules = (
			);
			dependencies = (
				077EF1641A63DE7E00910317 /* PBXTargetDependency */,
			);
			name = HHImageBrowserTests;
			productName = HHImageBrowserTests;
			productReference = 077EF1621A63DE7E00910317 /* HHImageBrowserTests.xctest */;
			productType = "com.apple.product-type.bundle.unit-test";
		};
/* End PBXNativeTarget section */

/* Begin PBXProject section */
		077EF1411A63DE7D00910317 /* Project object */ = {
			isa = PBXProject;
			attributes = {
				LastUpgradeCheck = 0600;
				ORGANIZATIONNAME = Today;
				TargetAttributes = {
					077EF1481A63DE7D00910317 = {
						CreatedOnToolsVersion = 6.0.1;
					};
					077EF1611A63DE7E00910317 = {
						CreatedOnToolsVersion = 6.0.1;
						TestTargetID = 077EF1481A63DE7D00910317;
					};
				};
			};
			buildConfigurationList = 077EF1441A63DE7D00910317 /* Build configuration list for PBXProject "HHImageBrowser" */;
			compatibilityVersion = "Xcode 3.2";
			developmentRegion = English;
			hasScannedForEncodings = 0;
			knownRegions = (
				en,
				Base,
			);
			mainGroup = 077EF1401A63DE7D00910317;
			productRefGroup = 077EF14A1A63DE7D00910317 /* Products */;
			projectDirPath = "";
			projectRoot = "";
			targets = (
				077EF1481A63DE7D00910317 /* HHImageBrowser */,
				077EF1611A63DE7E00910317 /* HHImageBrowserTests */,
			);
		};
/* End PBXProject section */

/* Begin PBXResourcesBuildPhase section */
		077EF1471A63DE7D00910317 /* Resources */ = {
			isa = PBXResourcesBuildPhase;
			buildActionMask = 2147483647;
			files = (
				077EF1581A63DE7E00910317 /* Main.storyboard in Resources */,
				077EF15D1A63DE7E00910317 /* LaunchScreen.xib in Resources */,
				077EF15A1A63DE7E00910317 /* Images.xcassets in Resources */,
			);
			runOnlyForDeploymentPostprocessing = 0;
		};
		077EF1601A63DE7E00910317 /* Resources */ = {
			isa = PBXResourcesBuildPhase;
			buildActionMask = 2147483647;
			files = (
			);
			runOnlyForDeploymentPostprocessing = 0;
		};
/* End PBXResourcesBuildPhase section */

/* Begin PBXSourcesBuildPhase section */
		077EF1451A63DE7D00910317 /* Sources */ = {
			isa = PBXSourcesBuildPhase;
			buildActionMask = 2147483647;
			files = (
				077EF1551A63DE7E00910317 /* ViewController.m in Sources */,
				077EF1521A63DE7E00910317 /* AppDelegate.m in Sources */,
				077EF14F1A63DE7E00910317 /* main.m in Sources */,
			);
			runOnlyForDeploymentPostprocessing = 0;
		};
		077EF15E1A63DE7E00910317 /* Sources */ = {
			isa = PBXSourcesBuildPhase;
			buildActionMask = 2147483647;
			files = (
				077EF1691A63DE7E00910317 /* HHImageBrowserTests.m in Sources */,
			);
			runOnlyForDeploymentPostprocessing = 0;
		};
/* End PBXSourcesBuildPhase section */

/* Begin PBXTargetDependency section */
		077EF1641A63DE7E00910317 /* PBXTargetDependency */ = {
			isa = PBXTargetDependency;
			target = 077EF1481A63DE7D00910317 /* HHImageBrowser */;
			targetProxy = 077EF1631A63DE7E00910317 /* PBXContainerItemProxy */;
		};
/* End PBXTargetDependency section */

/* Begin PBXVariantGroup section */
		077EF1561A63DE7E00910317 /* Main.storyboard */ = {
			isa = PBXVariantGroup;
			children = (
				077EF1571A63DE7E00910317 /* Base */,
			);
			name = Main.storyboard;
			sourceTree = "<group>";
		};
		077EF15B1A63DE7E00910317 /* LaunchScreen.xib */ = {
			isa = PBXVariantGroup;
			children = (
				077EF15C1A63DE7E00910317 /* Base */,
			);
			name = LaunchScreen.xib;
			sourceTree = "<group>";
		};
/* End PBXVariantGroup section */

/* Begin XCBuildConfiguration section */
		077EF16A1A63DE7E00910317 /* Debug */ = {
			isa = XCBuildConfiguration;
			buildSettings = {
				ALWAYS_SEARCH_USER_PATHS = NO;
				CLANG_CXX_LANGUAGE_STANDARD = "gnu++0x";
				CLANG_CXX_LIBRARY = "libc++";
				CLANG_ENABLE_MODULES = YES;
				CLANG_ENABLE_OBJC_ARC = YES;
				CLANG_WARN_BOOL_CONVERSION = YES;
				CLANG_WARN_CONSTANT_CONVERSION = YES;
				CLANG_WARN_DIRECT_OBJC_ISA_USAGE = YES_ERROR;
				CLANG_WARN_EMPTY_BODY = YES;
				CLANG_WARN_ENUM_CONVERSION = YES;
				CLANG_WARN_INT_CONVERSION = YES;
				CLANG_WARN_OBJC_ROOT_CLASS = YES_ERROR;
				CLANG_WARN_UNREACHABLE_CODE = YES;
				CLANG_WARN__DUPLICATE_METHOD_MATCH = YES;
				"CODE_SIGN_IDENTITY[sdk=iphoneos*]" = "iPhone Developer";
				COPY_PHASE_STRIP = NO;
				ENABLE_STRICT_OBJC_MSGSEND = YES;
				GCC_C_LANGUAGE_STANDARD = gnu99;
				GCC_DYNAMIC_NO_PIC = NO;
				GCC_OPTIMIZATION_LEVEL = 0;
				GCC_PREPROCESSOR_DEFINITIONS = (
					"DEBUG=1",
					"$(inherited)",
				);
				GCC_SYMBOLS_PRIVATE_EXTERN = NO;
				GCC_WARN_64_TO_32_BIT_CONVERSION = YES;
				GCC_WARN_ABOUT_RETURN_TYPE = YES_ERROR;
				GCC_WARN_UNDECLARED_SELECTOR = YES;
				GCC_WARN_UNINITIALIZED_AUTOS = YES_AGGRESSIVE;
				GCC_WARN_UNUSED_FUNCTION = YES;
				GCC_WARN_UNUSED_VARIABLE = YES;
				IPHONEOS_DEPLOYMENT_TARGET = 6.0;
				MTL_ENABLE_DEBUG_INFO = YES;
				ONLY_ACTIVE_ARCH = YES;
				SDKROOT = iphoneos;
			};
			name = Debug;
		};
		077EF16B1A63DE7E00910317 /* Release */ = {
			isa = XCBuildConfiguration;
			buildSettings = {
				ALWAYS_SEARCH_USER_PATHS = NO;
				CLANG_CXX_LANGUAGE_STANDARD = "gnu++0x";
				CLANG_CXX_LIBRARY = "libc++";
				CLANG_ENABLE_MODULES = YES;
				CLANG_ENABLE_OBJC_ARC = YES;
				CLANG_WARN_BOOL_CONVERSION = YES;
				CLANG_WARN_CONSTANT_CONVERSION = YES;
				CLANG_WARN_DIRECT_OBJC_ISA_USAGE = YES_ERROR;
				CLANG_WARN_EMPTY_BODY = YES;
				CLANG_WARN_ENUM_CONVERSION = YES;
				CLANG_WARN_INT_CONVERSION = YES;
				CLANG_WARN_OBJC_ROOT_CLASS = YES_ERROR;
				CLANG_WARN_UNREACHABLE_CODE = YES;
				CLANG_WARN__DUPLICATE_METHOD_MATCH = YES;
				"CODE_SIGN_IDENTITY[sdk=iphoneos*]" = "iPhone Developer";
				COPY_PHASE_STRIP = YES;
				ENABLE_NS_ASSERTIONS = NO;
				ENABLE_STRICT_OBJC_MSGSEND = YES;
				GCC_C_LANGUAGE_STANDARD = gnu99;
				GCC_WARN_64_TO_32_BIT_CONVERSION = YES;
				GCC_WARN_ABOUT_RETURN_TYPE = YES_ERROR;
				GCC_WARN_UNDECLARED_SELECTOR = YES;
				GCC_WARN_UNINITIALIZED_AUTOS = YES_AGGRESSIVE;
				GCC_WARN_UNUSED_FUNCTION = YES;
				GCC_WARN_UNUSED_VARIABLE = YES;
				IPHONEOS_DEPLOYMENT_TARGET = 6.0;
				MTL_ENABLE_DEBUG_INFO = NO;
				SDKROOT = iphoneos;
				VALIDATE_PRODUCT = YES;
			};
			name = Release;
		};
		077EF16D1A63DE7E00910317 /* Debug */ = {
			isa = XCBuildConfiguration;
			buildSettings = {
				ASSETCATALOG_COMPILER_APPICON_NAME = AppIcon;
				CLANG_ENABLE_OBJC_ARC = NO;
				INFOPLIST_FILE = HHImageBrowser/Info.plist;
				LD_RUNPATH_SEARCH_PATHS = "$(inherited) @executable_path/Frameworks";
				PRODUCT_NAME = "$(TARGET_NAME)";
			};
			name = Debug;
		};
		077EF16E1A63DE7E00910317 /* Release */ = {
			isa = XCBuildConfiguration;
			buildSettings = {
				ASSETCATALOG_COMPILER_APPICON_NAME = AppIcon;
				CLANG_ENABLE_OBJC_ARC = NO;
				INFOPLIST_FILE = HHImageBrowser/Info.plist;
				LD_RUNPATH_SEARCH_PATHS = "$(inherited) @executable_path/Frameworks";
				PRODUCT_NAME = "$(TARGET_NAME)";
			};
			name = Release;
		};
		077EF1701A63DE7E00910317 /* Debug */ = {
			isa = XCBuildConfiguration;
			buildSettings = {
				BUNDLE_LOADER = "$(TEST_HOST)";
				FRAMEWORK_SEARCH_PATHS = (
					"$(SDKROOT)/Developer/Library/Frameworks",
					"$(inherited)",
				);
				GCC_PREPROCESSOR_DEFINITIONS = (
					"DEBUG=1",
					"$(inherited)",
				);
				INFOPLIST_FILE = HHImageBrowserTests/Info.plist;
				LD_RUNPATH_SEARCH_PATHS = "$(inherited) @executable_path/Frameworks @loader_path/Frameworks";
				PRODUCT_NAME = "$(TARGET_NAME)";
				TEST_HOST = "$(BUILT_PRODUCTS_DIR)/HHImageBrowser.app/HHImageBrowser";
			};
			name = Debug;
		};
		077EF1711A63DE7E00910317 /* Release */ = {
			isa = XCBuildConfiguration;
			buildSettings = {
				BUNDLE_LOADER = "$(TEST_HOST)";
				FRAMEWORK_SEARCH_PATHS = (
					"$(SDKROOT)/Developer/Library/Frameworks",
					"$(inherited)",
				);
				INFOPLIST_FILE = HHImageBrowserTests/Info.plist;
				LD_RUNPATH_SEARCH_PATHS = "$(inherited) @executable_path/Frameworks @loader_path/Frameworks";
				PRODUCT_NAME = "$(TARGET_NAME)";
				TEST_HOST = "$(BUILT_PRODUCTS_DIR)/HHImageBrowser.app/HHImageBrowser";
			};
			name = Release;
		};
/* End XCBuildConfiguration section */

/* Begin XCConfigurationList section */
		077EF1441A63DE7D00910317 /* Build configuration list for PBXProject "HHImageBrowser" */ = {
			isa = XCConfigurationList;
			buildConfigurations = (
				077EF16A1A63DE7E00910317 /* Debug */,
				077EF16B1A63DE7E00910317 /* Release */,
			);
			defaultConfigurationIsVisible = 0;
			defaultConfigurationName = Release;
		};
		077EF16C1A63DE7E00910317 /* Build configuration list for PBXNativeTarget "HHImageBrowser" */ = {
			isa = XCConfigurationList;
			buildConfigurations = (
				077EF16D1A63DE7E00910317 /* Debug */,
				077EF16E1A63DE7E00910317 /* Release */,
			);
			defaultConfigurationIsVisible = 0;
		};
		077EF16F1A63DE7E00910317 /* Build configuration list for PBXNativeTarget "HHImageBrowserTests" */ = {
			isa = XCConfigurationList;
			buildConfigurations = (
				077EF1701A63DE7E00910317 /* Debug */,
				077EF1711A63DE7E00910317 /* Release */,
			);
			defaultConfigurationIsVisible = 0;
		};
/* End XCConfigurationList section */
	};
	rootObject = 077EF1411A63DE7D00910317 /* Project object */;
}
